// !$*UTF8*$!
{
	archiveVersion = 1;
	classes = {
	};
	objectVersion = 50;
	objects = {

/* Begin PBXBuildFile section */
		CD52432725AC4FE2004C570B /* AppDelegate.swift in Sources */ = {isa = PBXBuildFile; fileRef = CD52432625AC4FE2004C570B /* AppDelegate.swift */; };
		CD52432925AC4FE2004C570B /* SceneDelegate.swift in Sources */ = {isa = PBXBuildFile; fileRef = CD52432825AC4FE2004C570B /* SceneDelegate.swift */; };
		CD52432B25AC4FE2004C570B /* ViewController.swift in Sources */ = {isa = PBXBuildFile; fileRef = CD52432A25AC4FE2004C570B /* ViewController.swift */; };
		CD52432E25AC4FE2004C570B /* Main.storyboard in Resources */ = {isa = PBXBuildFile; fileRef = CD52432C25AC4FE2004C570B /* Main.storyboard */; };
		CD52433025AC4FE2004C570B /* Assets.xcassets in Resources */ = {isa = PBXBuildFile; fileRef = CD52432F25AC4FE2004C570B /* Assets.xcassets */; };
		CD52433325AC4FE2004C570B /* LaunchScreen.storyboard in Resources */ = {isa = PBXBuildFile; fileRef = CD52433125AC4FE2004C570B /* LaunchScreen.storyboard */; };
		CD52433E25AC4FE3004C570B /* eye_trackingTests.swift in Sources */ = {isa = PBXBuildFile; fileRef = CD52433D25AC4FE3004C570B /* eye_trackingTests.swift */; };
		CD52434925AC4FE3004C570B /* eye_trackingUITests.swift in Sources */ = {isa = PBXBuildFile; fileRef = CD52434825AC4FE3004C570B /* eye_trackingUITests.swift */; };
/* End PBXBuildFile section */

/* Begin PBXContainerItemProxy section */
		CD52433A25AC4FE3004C570B /* PBXContainerItemProxy */ = {
			isa = PBXContainerItemProxy;
			containerPortal = CD52431B25AC4FE2004C570B /* Project object */;
			proxyType = 1;
			remoteGlobalIDString = CD52432225AC4FE2004C570B;
			remoteInfo = "eye-tracking";
		};
		CD52434525AC4FE3004C570B /* PBXContainerItemProxy */ = {
			isa = PBXContainerItemProxy;
			containerPortal = CD52431B25AC4FE2004C570B /* Project object */;
			proxyType = 1;
			remoteGlobalIDString = CD52432225AC4FE2004C570B;
			remoteInfo = "eye-tracking";
		};
/* End PBXContainerItemProxy section */

/* Begin PBXFileReference section */
		CD52432325AC4FE2004C570B /* eye-tracking.app */ = {isa = PBXFileReference; explicitFileType = wrapper.application; includeInIndex = 0; path = "eye-tracking.app"; sourceTree = BUILT_PRODUCTS_DIR; };
		CD52432625AC4FE2004C570B /* AppDelegate.swift */ = {isa = PBXFileReference; lastKnownFileType = sourcecode.swift; path = AppDelegate.swift; sourceTree = "<group>"; };
		CD52432825AC4FE2004C570B /* SceneDelegate.swift */ = {isa = PBXFileReference; lastKnownFileType = sourcecode.swift; path = SceneDelegate.swift; sourceTree = "<group>"; };
		CD52432A25AC4FE2004C570B /* ViewController.swift */ = {isa = PBXFileReference; lastKnownFileType = sourcecode.swift; path = ViewController.swift; sourceTree = "<group>"; };
		CD52432D25AC4FE2004C570B /* Base */ = {isa = PBXFileReference; lastKnownFileType = file.storyboard; name = Base; path = Base.lproj/Main.storyboard; sourceTree = "<group>"; };
		CD52432F25AC4FE2004C570B /* Assets.xcassets */ = {isa = PBXFileReference; lastKnownFileType = folder.assetcatalog; path = Assets.xcassets; sourceTree = "<group>"; };
		CD52433225AC4FE2004C570B /* Base */ = {isa = PBXFileReference; lastKnownFileType = file.storyboard; name = Base; path = Base.lproj/LaunchScreen.storyboard; sourceTree = "<group>"; };
		CD52433425AC4FE2004C570B /* Info.plist */ = {isa = PBXFileReference; lastKnownFileType = text.plist.xml; path = Info.plist; sourceTree = "<group>"; };
		CD52433925AC4FE3004C570B /* eye-trackingTests.xctest */ = {isa = PBXFileReference; explicitFileType = wrapper.cfbundle; includeInIndex = 0; path = "eye-trackingTests.xctest"; sourceTree = BUILT_PRODUCTS_DIR; };
		CD52433D25AC4FE3004C570B /* eye_trackingTests.swift */ = {isa = PBXFileReference; lastKnownFileType = sourcecode.swift; path = eye_trackingTests.swift; sourceTree = "<group>"; };
		CD52433F25AC4FE3004C570B /* Info.plist */ = {isa = PBXFileReference; lastKnownFileType = text.plist.xml; path = Info.plist; sourceTree = "<group>"; };
		CD52434425AC4FE3004C570B /* eye-trackingUITests.xctest */ = {isa = PBXFileReference; explicitFileType = wrapper.cfbundle; includeInIndex = 0; path = "eye-trackingUITests.xctest"; sourceTree = BUILT_PRODUCTS_DIR; };
		CD52434825AC4FE3004C570B /* eye_trackingUITests.swift */ = {isa = PBXFileReference; lastKnownFileType = sourcecode.swift; path = eye_trackingUITests.swift; sourceTree = "<group>"; };
		CD52434A25AC4FE3004C570B /* Info.plist */ = {isa = PBXFileReference; lastKnownFileType = text.plist.xml; path = Info.plist; sourceTree = "<group>"; };
/* End PBXFileReference section */

/* Begin PBXFrameworksBuildPhase section */
		CD52432025AC4FE2004C570B /* Frameworks */ = {
			isa = PBXFrameworksBuildPhase;
			buildActionMask = 2147483647;
			files = (
			);
			runOnlyForDeploymentPostprocessing = 0;
		};
		CD52433625AC4FE3004C570B /* Frameworks */ = {
			isa = PBXFrameworksBuildPhase;
			buildActionMask = 2147483647;
			files = (
			);
			runOnlyForDeploymentPostprocessing = 0;
		};
		CD52434125AC4FE3004C570B /* Frameworks */ = {
			isa = PBXFrameworksBuildPhase;
			buildActionMask = 2147483647;
			files = (
			);
			runOnlyForDeploymentPostprocessing = 0;
		};
/* End PBXFrameworksBuildPhase section */

/* Begin PBXGroup section */
		CD52431A25AC4FE2004C570B = {
			isa = PBXGroup;
			children = (
				CD52432525AC4FE2004C570B /* eye-tracking */,
				CD52433C25AC4FE3004C570B /* eye-trackingTests */,
				CD52434725AC4FE3004C570B /* eye-trackingUITests */,
				CD52432425AC4FE2004C570B /* Products */,
			);
			sourceTree = "<group>";
		};
		CD52432425AC4FE2004C570B /* Products */ = {
			isa = PBXGroup;
			children = (
				CD52432325AC4FE2004C570B /* eye-tracking.app */,
				CD52433925AC4FE3004C570B /* eye-trackingTests.xctest */,
				CD52434425AC4FE3004C570B /* eye-trackingUITests.xctest */,
			);
			name = Products;
			sourceTree = "<group>";
		};
		CD52432525AC4FE2004C570B /* eye-tracking */ = {
			isa = PBXGroup;
			children = (
				CD52432625AC4FE2004C570B /* AppDelegate.swift */,
				CD52432825AC4FE2004C570B /* SceneDelegate.swift */,
				CD52432A25AC4FE2004C570B /* ViewController.swift */,
				CD52432C25AC4FE2004C570B /* Main.storyboard */,
				CD52432F25AC4FE2004C570B /* Assets.xcassets */,
				CD52433125AC4FE2004C570B /* LaunchScreen.storyboard */,
				CD52433425AC4FE2004C570B /* Info.plist */,
			);
			path = "eye-tracking";
			sourceTree = "<group>";
		};
		CD52433C25AC4FE3004C570B /* eye-trackingTests */ = {
			isa = PBXGroup;
			children = (
				CD52433D25AC4FE3004C570B /* eye_trackingTests.swift */,
				CD52433F25AC4FE3004C570B /* Info.plist */,
			);
			path = "eye-trackingTests";
			sourceTree = "<group>";
		};
		CD52434725AC4FE3004C570B /* eye-trackingUITests */ = {
			isa = PBXGroup;
			children = (
				CD52434825AC4FE3004C570B /* eye_trackingUITests.swift */,
				CD52434A25AC4FE3004C570B /* Info.plist */,
			);
			path = "eye-trackingUITests";
			sourceTree = "<group>";
		};
/* End PBXGroup section */

/* Begin PBXNativeTarget section */
		CD52432225AC4FE2004C570B /* eye-tracking */ = {
			isa = PBXNativeTarget;
			buildConfigurationList = CD52434D25AC4FE3004C570B /* Build configuration list for PBXNativeTarget "eye-tracking" */;
			buildPhases = (
				CD52431F25AC4FE2004C570B /* Sources */,
				CD52432025AC4FE2004C570B /* Frameworks */,
				CD52432125AC4FE2004C570B /* Resources */,
			);
			buildRules = (
			);
			dependencies = (
			);
			name = "eye-tracking";
			productName = "eye-tracking";
			productReference = CD52432325AC4FE2004C570B /* eye-tracking.app */;
			productType = "com.apple.product-type.application";
		};
		CD52433825AC4FE3004C570B /* eye-trackingTests */ = {
			isa = PBXNativeTarget;
			buildConfigurationList = CD52435025AC4FE3004C570B /* Build configuration list for PBXNativeTarget "eye-trackingTests" */;
			buildPhases = (
				CD52433525AC4FE3004C570B /* Sources */,
				CD52433625AC4FE3004C570B /* Frameworks */,
				CD52433725AC4FE3004C570B /* Resources */,
			);
			buildRules = (
			);
			dependencies = (
				CD52433B25AC4FE3004C570B /* PBXTargetDependency */,
			);
			name = "eye-trackingTests";
			productName = "eye-trackingTests";
			productReference = CD52433925AC4FE3004C570B /* eye-trackingTests.xctest */;
			productType = "com.apple.product-type.bundle.unit-test";
		};
		CD52434325AC4FE3004C570B /* eye-trackingUITests */ = {
			isa = PBXNativeTarget;
			buildConfigurationList = CD52435325AC4FE3004C570B /* Build configuration list for PBXNativeTarget "eye-trackingUITests" */;
			buildPhases = (
				CD52434025AC4FE3004C570B /* Sources */,
				CD52434125AC4FE3004C570B /* Frameworks */,
				CD52434225AC4FE3004C570B /* Resources */,
			);
			buildRules = (
			);
			dependencies = (
				CD52434625AC4FE3004C570B /* PBXTargetDependency */,
			);
			name = "eye-trackingUITests";
			productName = "eye-trackingUITests";
			productReference = CD52434425AC4FE3004C570B /* eye-trackingUITests.xctest */;
			productType = "com.apple.product-type.bundle.ui-testing";
		};
/* End PBXNativeTarget section */

/* Begin PBXProject section */
		CD52431B25AC4FE2004C570B /* Project object */ = {
			isa = PBXProject;
			attributes = {
				LastSwiftUpdateCheck = 1230;
				LastUpgradeCheck = 1230;
				TargetAttributes = {
					CD52432225AC4FE2004C570B = {
						CreatedOnToolsVersion = 12.3;
					};
					CD52433825AC4FE3004C570B = {
						CreatedOnToolsVersion = 12.3;
						TestTargetID = CD52432225AC4FE2004C570B;
					};
					CD52434325AC4FE3004C570B = {
						CreatedOnToolsVersion = 12.3;
						TestTargetID = CD52432225AC4FE2004C570B;
					};
				};
			};
			buildConfigurationList = CD52431E25AC4FE2004C570B /* Build configuration list for PBXProject "eye-tracking" */;
			compatibilityVersion = "Xcode 9.3";
			developmentRegion = en;
			hasScannedForEncodings = 0;
			knownRegions = (
				en,
				Base,
			);
			mainGroup = CD52431A25AC4FE2004C570B;
			productRefGroup = CD52432425AC4FE2004C570B /* Products */;
			projectDirPath = "";
			projectRoot = "";
			targets = (
				CD52432225AC4FE2004C570B /* eye-tracking */,
				CD52433825AC4FE3004C570B /* eye-trackingTests */,
				CD52434325AC4FE3004C570B /* eye-trackingUITests */,
			);
		};
/* End PBXProject section */

/* Begin PBXResourcesBuildPhase section */
		CD52432125AC4FE2004C570B /* Resources */ = {
			isa = PBXResourcesBuildPhase;
			buildActionMask = 2147483647;
			files = (
				CD52433325AC4FE2004C570B /* LaunchScreen.storyboard in Resources */,
				CD52433025AC4FE2004C570B /* Assets.xcassets in Resources */,
				CD52432E25AC4FE2004C570B /* Main.storyboard in Resources */,
			);
			runOnlyForDeploymentPostprocessing = 0;
		};
		CD52433725AC4FE3004C570B /* Resources */ = {
			isa = PBXResourcesBuildPhase;
			buildActionMask = 2147483647;
			files = (
			);
			runOnlyForDeploymentPostprocessing = 0;
		};
		CD52434225AC4FE3004C570B /* Resources */ = {
			isa = PBXResourcesBuildPhase;
			buildActionMask = 2147483647;
			files = (
			);
			runOnlyForDeploymentPostprocessing = 0;
		};
/* End PBXResourcesBuildPhase section */

/* Begin PBXSourcesBuildPhase section */
		CD52431F25AC4FE2004C570B /* Sources */ = {
			isa = PBXSourcesBuildPhase;
			buildActionMask = 2147483647;
			files = (
				CD52432B25AC4FE2004C570B /* ViewController.swift in Sources */,
				CD52432725AC4FE2004C570B /* AppDelegate.swift in Sources */,
				CD52432925AC4FE2004C570B /* SceneDelegate.swift in Sources */,
			);
			runOnlyForDeploymentPostprocessing = 0;
		};
		CD52433525AC4FE3004C570B /* Sources */ = {
			isa = PBXSourcesBuildPhase;
			buildActionMask = 2147483647;
			files = (
				CD52433E25AC4FE3004C570B /* eye_trackingTests.swift in Sources */,
			);
			runOnlyForDeploymentPostprocessing = 0;
		};
		CD52434025AC4FE3004C570B /* Sources */ = {
			isa = PBXSourcesBuildPhase;
			buildActionMask = 2147483647;
			files = (
				CD52434925AC4FE3004C570B /* eye_trackingUITests.swift in Sources */,
			);
			runOnlyForDeploymentPostprocessing = 0;
		};
/* End PBXSourcesBuildPhase section */

/* Begin PBXTargetDependency section */
		CD52433B25AC4FE3004C570B /* PBXTargetDependency */ = {
			isa = PBXTargetDependency;
			target = CD52432225AC4FE2004C570B /* eye-tracking */;
			targetProxy = CD52433A25AC4FE3004C570B /* PBXContainerItemProxy */;
		};
		CD52434625AC4FE3004C570B /* PBXTargetDependency */ = {
			isa = PBXTargetDependency;
			target = CD52432225AC4FE2004C570B /* eye-tracking */;
			targetProxy = CD52434525AC4FE3004C570B /* PBXContainerItemProxy */;
		};
/* End PBXTargetDependency section */

/* Begin PBXVariantGroup section */
		CD52432C25AC4FE2004C570B /* Main.storyboard */ = {
			isa = PBXVariantGroup;
			children = (
				CD52432D25AC4FE2004C570B /* Base */,
			);
			name = Main.storyboard;
			sourceTree = "<group>";
		};
		CD52433125AC4FE2004C570B /* LaunchScreen.storyboard */ = {
			isa = PBXVariantGroup;
			children = (
				CD52433225AC4FE2004C570B /* Base */,
			);
			name = LaunchScreen.storyboard;
			sourceTree = "<group>";
		};
/* End PBXVariantGroup section */

/* Begin XCBuildConfiguration section */
		CD52434B25AC4FE3004C570B /* Debug */ = {
			isa = XCBuildConfiguration;
			buildSettings = {
				ALWAYS_SEARCH_USER_PATHS = NO;
				CLANG_ANALYZER_NONNULL = YES;
				CLANG_ANALYZER_NUMBER_OBJECT_CONVERSION = YES_AGGRESSIVE;
				CLANG_CXX_LANGUAGE_STANDARD = "gnu++14";
				CLANG_CXX_LIBRARY = "libc++";
				CLANG_ENABLE_MODULES = YES;
				CLANG_ENABLE_OBJC_ARC = YES;
				CLANG_ENABLE_OBJC_WEAK = YES;
				CLANG_WARN_BLOCK_CAPTURE_AUTORELEASING = YES;
				CLANG_WARN_BOOL_CONVERSION = YES;
				CLANG_WARN_COMMA = YES;
				CLANG_WARN_CONSTANT_CONVERSION = YES;
				CLANG_WARN_DEPRECATED_OBJC_IMPLEMENTATIONS = YES;
				CLANG_WARN_DIRECT_OBJC_ISA_USAGE = YES_ERROR;
				CLANG_WARN_DOCUMENTATION_COMMENTS = YES;
				CLANG_WARN_EMPTY_BODY = YES;
				CLANG_WARN_ENUM_CONVERSION = YES;
				CLANG_WARN_INFINITE_RECURSION = YES;
				CLANG_WARN_INT_CONVERSION = YES;
				CLANG_WARN_NON_LITERAL_NULL_CONVERSION = YES;
				CLANG_WARN_OBJC_IMPLICIT_RETAIN_SELF = YES;
				CLANG_WARN_OBJC_LITERAL_CONVERSION = YES;
				CLANG_WARN_OBJC_ROOT_CLASS = YES_ERROR;
				CLANG_WARN_QUOTED_INCLUDE_IN_FRAMEWORK_HEADER = YES;
				CLANG_WARN_RANGE_LOOP_ANALYSIS = YES;
				CLANG_WARN_STRICT_PROTOTYPES = YES;
				CLANG_WARN_SUSPICIOUS_MOVE = YES;
				CLANG_WARN_UNGUARDED_AVAILABILITY = YES_AGGRESSIVE;
				CLANG_WARN_UNREACHABLE_CODE = YES;
				CLANG_WARN__DUPLICATE_METHOD_MATCH = YES;
				COPY_PHASE_STRIP = NO;
				DEBUG_INFORMATION_FORMAT = dwarf;
				ENABLE_STRICT_OBJC_MSGSEND = YES;
				ENABLE_TESTABILITY = YES;
				GCC_C_LANGUAGE_STANDARD = gnu11;
				GCC_DYNAMIC_NO_PIC = NO;
				GCC_NO_COMMON_BLOCKS = YES;
				GCC_OPTIMIZATION_LEVEL = 0;
				GCC_PREPROCESSOR_DEFINITIONS = (
					"DEBUG=1",
					"$(inherited)",
				);
				GCC_WARN_64_TO_32_BIT_CONVERSION = YES;
				GCC_WARN_ABOUT_RETURN_TYPE = YES_ERROR;
				GCC_WARN_UNDECLARED_SELECTOR = YES;
				GCC_WARN_UNINITIALIZED_AUTOS = YES_AGGRESSIVE;
				GCC_WARN_UNUSED_FUNCTION = YES;
				GCC_WARN_UNUSED_VARIABLE = YES;
				IPHONEOS_DEPLOYMENT_TARGET = 14.3;
				MTL_ENABLE_DEBUG_INFO = INCLUDE_SOURCE;
				MTL_FAST_MATH = YES;
				ONLY_ACTIVE_ARCH = YES;
				SDKROOT = iphoneos;
				SWIFT_ACTIVE_COMPILATION_CONDITIONS = DEBUG;
				SWIFT_OPTIMIZATION_LEVEL = "-Onone";
			};
			name = Debug;
		};
		CD52434C25AC4FE3004C570B /* Release */ = {
			isa = XCBuildConfiguration;
			buildSettings = {
				ALWAYS_SEARCH_USER_PATHS = NO;
				CLANG_ANALYZER_NONNULL = YES;
				CLANG_ANALYZER_NUMBER_OBJECT_CONVERSION = YES_AGGRESSIVE;
				CLANG_CXX_LANGUAGE_STANDARD = "gnu++14";
				CLANG_CXX_LIBRARY = "libc++";
				CLANG_ENABLE_MODULES = YES;
				CLANG_ENABLE_OBJC_ARC = YES;
				CLANG_ENABLE_OBJC_WEAK = YES;
				CLANG_WARN_BLOCK_CAPTURE_AUTORELEASING = YES;
				CLANG_WARN_BOOL_CONVERSION = YES;
				CLANG_WARN_COMMA = YES;
				CLANG_WARN_CONSTANT_CONVERSION = YES;
				CLANG_WARN_DEPRECATED_OBJC_IMPLEMENTATIONS = YES;
				CLANG_WARN_DIRECT_OBJC_ISA_USAGE = YES_ERROR;
				CLANG_WARN_DOCUMENTATION_COMMENTS = YES;
				CLANG_WARN_EMPTY_BODY = YES;
				CLANG_WARN_ENUM_CONVERSION = YES;
				CLANG_WARN_INFINITE_RECURSION = YES;
				CLANG_WARN_INT_CONVERSION = YES;
				CLANG_WARN_NON_LITERAL_NULL_CONVERSION = YES;
				CLANG_WARN_OBJC_IMPLICIT_RETAIN_SELF = YES;
				CLANG_WARN_OBJC_LITERAL_CONVERSION = YES;
				CLANG_WARN_OBJC_ROOT_CLASS = YES_ERROR;
				CLANG_WARN_QUOTED_INCLUDE_IN_FRAMEWORK_HEADER = YES;
				CLANG_WARN_RANGE_LOOP_ANALYSIS = YES;
				CLANG_WARN_STRICT_PROTOTYPES = YES;
				CLANG_WARN_SUSPICIOUS_MOVE = YES;
				CLANG_WARN_UNGUARDED_AVAILABILITY = YES_AGGRESSIVE;
				CLANG_WARN_UNREACHABLE_CODE = YES;
				CLANG_WARN__DUPLICATE_METHOD_MATCH = YES;
				COPY_PHASE_STRIP = NO;
				DEBUG_INFORMATION_FORMAT = "dwarf-with-dsym";
				ENABLE_NS_ASSERTIONS = NO;
				ENABLE_STRICT_OBJC_MSGSEND = YES;
				GCC_C_LANGUAGE_STANDARD = gnu11;
				GCC_NO_COMMON_BLOCKS = YES;
				GCC_WARN_64_TO_32_BIT_CONVERSION = YES;
				GCC_WARN_ABOUT_RETURN_TYPE = YES_ERROR;
				GCC_WARN_UNDECLARED_SELECTOR = YES;
				GCC_WARN_UNINITIALIZED_AUTOS = YES_AGGRESSIVE;
				GCC_WARN_UNUSED_FUNCTION = YES;
				GCC_WARN_UNUSED_VARIABLE = YES;
				IPHONEOS_DEPLOYMENT_TARGET = 14.3;
				MTL_ENABLE_DEBUG_INFO = NO;
				MTL_FAST_MATH = YES;
				SDKROOT = iphoneos;
				SWIFT_COMPILATION_MODE = wholemodule;
				SWIFT_OPTIMIZATION_LEVEL = "-O";
				VALIDATE_PRODUCT = YES;
			};
			name = Release;
		};
		CD52434E25AC4FE3004C570B /* Debug */ = {
			isa = XCBuildConfiguration;
			buildSettings = {
				ASSETCATALOG_COMPILER_APPICON_NAME = AppIcon;
				ASSETCATALOG_COMPILER_GLOBAL_ACCENT_COLOR_NAME = AccentColor;
				CODE_SIGN_STYLE = Automatic;
				DEVELOPMENT_TEAM = 8959K9SBUN;
				INFOPLIST_FILE = "eye-tracking/Info.plist";
				LD_RUNPATH_SEARCH_PATHS = (
					"$(inherited)",
					"@executable_path/Frameworks",
				);
				PRODUCT_BUNDLE_IDENTIFIER = "lexplore.eye-tracking";
				PRODUCT_NAME = "$(TARGET_NAME)";
				SWIFT_VERSION = 5.0;
				TARGETED_DEVICE_FAMILY = "1,2";
			};
			name = Debug;
		};
		CD52434F25AC4FE3004C570B /* Release */ = {
			isa = XCBuildConfiguration;
			buildSettings = {
				ASSETCATALOG_COMPILER_APPICON_NAME = AppIcon;
				ASSETCATALOG_COMPILER_GLOBAL_ACCENT_COLOR_NAME = AccentColor;
				CODE_SIGN_STYLE = Automatic;
				DEVELOPMENT_TEAM = 8959K9SBUN;
				INFOPLIST_FILE = "eye-tracking/Info.plist";
				LD_RUNPATH_SEARCH_PATHS = (
					"$(inherited)",
					"@executable_path/Frameworks",
				);
				PRODUCT_BUNDLE_IDENTIFIER = "lexplore.eye-tracking";
				PRODUCT_NAME = "$(TARGET_NAME)";
				SWIFT_VERSION = 5.0;
				TARGETED_DEVICE_FAMILY = "1,2";
			};
			name = Release;
		};
		CD52435125AC4FE3004C570B /* Debug */ = {
			isa = XCBuildConfiguration;
			buildSettings = {
				ALWAYS_EMBED_SWIFT_STANDARD_LIBRARIES = YES;
				BUNDLE_LOADER = "$(TEST_HOST)";
				CODE_SIGN_STYLE = Automatic;
				DEVELOPMENT_TEAM = 8959K9SBUN;
				INFOPLIST_FILE = "eye-trackingTests/Info.plist";
				IPHONEOS_DEPLOYMENT_TARGET = 14.3;
				LD_RUNPATH_SEARCH_PATHS = (
					"$(inherited)",
					"@executable_path/Frameworks",
					"@loader_path/Frameworks",
				);
				PRODUCT_BUNDLE_IDENTIFIER = "lexplore.eye-trackingTests";
				PRODUCT_NAME = "$(TARGET_NAME)";
				SWIFT_VERSION = 5.0;
				TARGETED_DEVICE_FAMILY = "1,2";
				TEST_HOST = "$(BUILT_PRODUCTS_DIR)/eye-tracking.app/eye-tracking";
			};
			name = Debug;
		};
		CD52435225AC4FE3004C570B /* Release */ = {
			isa = XCBuildConfiguration;
			buildSettings = {
				ALWAYS_EMBED_SWIFT_STANDARD_LIBRARIES = YES;
				BUNDLE_LOADER = "$(TEST_HOST)";
				CODE_SIGN_STYLE = Automatic;
				DEVELOPMENT_TEAM = 8959K9SBUN;
				INFOPLIST_FILE = "eye-trackingTests/Info.plist";
				IPHONEOS_DEPLOYMENT_TARGET = 14.3;
				LD_RUNPATH_SEARCH_PATHS = (
					"$(inherited)",
					"@executable_path/Frameworks",
					"@loader_path/Frameworks",
				);
				PRODUCT_BUNDLE_IDENTIFIER = "lexplore.eye-trackingTests";
				PRODUCT_NAME = "$(TARGET_NAME)";
				SWIFT_VERSION = 5.0;
				TARGETED_DEVICE_FAMILY = "1,2";
				TEST_HOST = "$(BUILT_PRODUCTS_DIR)/eye-tracking.app/eye-tracking";
			};
			name = Release;
		};
		CD52435425AC4FE3004C570B /* Debug */ = {
			isa = XCBuildConfiguration;
			buildSettings = {
				ALWAYS_EMBED_SWIFT_STANDARD_LIBRARIES = YES;
				CODE_SIGN_STYLE = Automatic;
				DEVELOPMENT_TEAM = 8959K9SBUN;
				INFOPLIST_FILE = "eye-trackingUITests/Info.plist";
				LD_RUNPATH_SEARCH_PATHS = (
					"$(inherited)",
					"@executable_path/Frameworks",
					"@loader_path/Frameworks",
				);
				PRODUCT_BUNDLE_IDENTIFIER = "lexplore.eye-trackingUITests";
				PRODUCT_NAME = "$(TARGET_NAME)";
				SWIFT_VERSION = 5.0;
				TARGETED_DEVICE_FAMILY = "1,2";
				TEST_TARGET_NAME = "eye-tracking";
			};
			name = Debug;
		};
		CD52435525AC4FE3004C570B /* Release */ = {
			isa = XCBuildConfiguration;
			buildSettings = {
				ALWAYS_EMBED_SWIFT_STANDARD_LIBRARIES = YES;
				CODE_SIGN_STYLE = Automatic;
				DEVELOPMENT_TEAM = 8959K9SBUN;
				INFOPLIST_FILE = "eye-trackingUITests/Info.plist";
				LD_RUNPATH_SEARCH_PATHS = (
					"$(inherited)",
					"@executable_path/Frameworks",
					"@loader_path/Frameworks",
				);
				PRODUCT_BUNDLE_IDENTIFIER = "lexplore.eye-trackingUITests";
				PRODUCT_NAME = "$(TARGET_NAME)";
				SWIFT_VERSION = 5.0;
				TARGETED_DEVICE_FAMILY = "1,2";
				TEST_TARGET_NAME = "eye-tracking";
			};
			name = Release;
		};
/* End XCBuildConfiguration section */

/* Begin XCConfigurationList section */
		CD52431E25AC4FE2004C570B /* Build configuration list for PBXProject "eye-tracking" */ = {
			isa = XCConfigurationList;
			buildConfigurations = (
				CD52434B25AC4FE3004C570B /* Debug */,
				CD52434C25AC4FE3004C570B /* Release */,
			);
			defaultConfigurationIsVisible = 0;
			defaultConfigurationName = Release;
		};
		CD52434D25AC4FE3004C570B /* Build configuration list for PBXNativeTarget "eye-tracking" */ = {
			isa = XCConfigurationList;
			buildConfigurations = (
				CD52434E25AC4FE3004C570B /* Debug */,
				CD52434F25AC4FE3004C570B /* Release */,
			);
			defaultConfigurationIsVisible = 0;
			defaultConfigurationName = Release;
		};
		CD52435025AC4FE3004C570B /* Build configuration list for PBXNativeTarget "eye-trackingTests" */ = {
			isa = XCConfigurationList;
			buildConfigurations = (
				CD52435125AC4FE3004C570B /* Debug */,
				CD52435225AC4FE3004C570B /* Release */,
			);
			defaultConfigurationIsVisible = 0;
			defaultConfigurationName = Release;
		};
		CD52435325AC4FE3004C570B /* Build configuration list for PBXNativeTarget "eye-trackingUITests" */ = {
			isa = XCConfigurationList;
			buildConfigurations = (
				CD52435425AC4FE3004C570B /* Debug */,
				CD52435525AC4FE3004C570B /* Release */,
			);
			defaultConfigurationIsVisible = 0;
			defaultConfigurationName = Release;
		};
/* End XCConfigurationList section */
	};
	rootObject = CD52431B25AC4FE2004C570B /* Project object */;
}
